{
  "name": "@jx3box/jx3box-talent",
  "version": "1.0.0",
  "lockfileVersion": 1,
  "requires": true,
  "dependencies": {
    "@jx3box/jx3box-common": {
      "version": "4.4.8",
      "resolved": "https://registry.npm.taobao.org/@jx3box/jx3box-common/download/@jx3box/jx3box-common-4.4.8.tgz",
      "integrity": "sha1-xl4w0gKTZh7JuUqhUdjJKBcQ3tA=",
      "requires": {
        "localforage": "^1.7.3"
      }
    },
    "immediate": {
      "version": "3.0.6",
      "resolved": "https://registry.npm.taobao.org/immediate/download/immediate-3.0.6.tgz?cache=0&sync_timestamp=1591712402832&other_urls=https%3A%2F%2Fregistry.npm.taobao.org%2Fimmediate%2Fdownload%2Fimmediate-3.0.6.tgz",
      "integrity": "sha1-nbHb0Pr43m++D13V5Wu2BigN5ps="
    },
    "jquery": {
      "version": "3.5.1",
      "resolved": "https://registry.npm.taobao.org/jquery/download/jquery-3.5.1.tgz?cache=0&sync_timestamp=1588633811418&other_urls=https%3A%2F%2Fregistry.npm.taobao.org%2Fjquery%2Fdownload%2Fjquery-3.5.1.tgz",
      "integrity": "sha1-17TQjhv9uGrS8aPQOeoXMEcXq7U="
    },
    "lie": {
      "version": "3.1.1",
      "resolved": "https://registry.npm.taobao.org/lie/download/lie-3.1.1.tgz",
      "integrity": "sha1-mkNrLMd0bKWd56QfpGmz77dr2H4=",
      "requires": {
        "immediate": "~3.0.5"
      }
    },
    "localforage": {
      "version": "1.7.4",
      "resolved": "https://registry.npm.taobao.org/localforage/download/localforage-1.7.4.tgz",
      "integrity": "sha1-iLWcybJa5Ux2uywICyHsgywi0/Y=",
      "requires": {
        "lie": "3.1.1"
      }
    },
    "lodash": {
      "version": "4.17.15",
      "resolved": "https://registry.npm.taobao.org/lodash/download/lodash-4.17.15.tgz",
      "integrity": "sha1-tEf2ZwoEVbv+7dETku/zMOoJdUg="
    }
  }
}
